
Microsoft Visual Studio Solution File, Format Version 12.00
# Visual Studio Version 16
VisualStudioVersion = 16.0.30114.105
MinimumVisualStudioVersion = 10.0.40219.1
Project("{FAE04EC0-301F-11D3-BF4B-00C04F79EFBC}") = "QandA", "QandA\QandA.csproj", "{2BBA59FA-D485-4098-A0DD-8164E0642578}"
EndProject
Project("{FAE04EC0-301F-11D3-BF4B-00C04F79EFBC}") = "QandA.DataBase", "QandA.DataBase\QandA.DataBase.csproj", "{A494B4FE-BBA0-4788-981C-21A9C36BFDA1}"
EndProject
Global
	GlobalSection(SolutionConfigurationPlatforms) = preSolution
		Debug|Any CPU = Debug|Any CPU
		Debug|x64 = Debug|x64
		Debug|x86 = Debug|x86
		Release|Any CPU = Release|Any CPU
		Release|x64 = Release|x64
		Release|x86 = Release|x86
	EndGlobalSection
	GlobalSection(SolutionProperties) = preSolution
		HideSolutionNode = FALSE
	EndGlobalSection
	GlobalSection(ProjectConfigurationPlatforms) = postSolution
		{2BBA59FA-D485-4098-A0DD-8164E0642578}.Debug|Any CPU.ActiveCfg = Debug|Any CPU
		{2BBA59FA-D485-4098-A0DD-8164E0642578}.Debug|Any CPU.Build.0 = Debug|Any CPU
		{2BBA59FA-D485-4098-A0DD-8164E0642578}.Debug|x64.ActiveCfg = Debug|Any CPU
		{2BBA59FA-D485-4098-A0DD-8164E0642578}.Debug|x64.Build.0 = Debug|Any CPU
		{2BBA59FA-D485-4098-A0DD-8164E0642578}.Debug|x86.ActiveCfg = Debug|Any CPU
		{2BBA59FA-D485-4098-A0DD-8164E0642578}.Debug|x86.Build.0 = Debug|Any CPU
		{2BBA59FA-D485-4098-A0DD-8164E0642578}.Release|Any CPU.ActiveCfg = Release|Any CPU
		{2BBA59FA-D485-4098-A0DD-8164E0642578}.Release|Any CPU.Build.0 = Release|Any CPU
		{2BBA59FA-D485-4098-A0DD-8164E0642578}.Release|x64.ActiveCfg = Release|Any CPU
		{2BBA59FA-D485-4098-A0DD-8164E0642578}.Release|x64.Build.0 = Release|Any CPU
		{2BBA59FA-D485-4098-A0DD-8164E0642578}.Release|x86.ActiveCfg = Release|Any CPU
		{2BBA59FA-D485-4098-A0DD-8164E0642578}.Release|x86.Build.0 = Release|Any CPU
		{A494B4FE-BBA0-4788-981C-21A9C36BFDA1}.Debug|Any CPU.ActiveCfg = Debug|Any CPU
		{A494B4FE-BBA0-4788-981C-21A9C36BFDA1}.Debug|Any CPU.Build.0 = Debug|Any CPU
		{A494B4FE-BBA0-4788-981C-21A9C36BFDA1}.Debug|x64.ActiveCfg = Debug|Any CPU
		{A494B4FE-BBA0-4788-981C-21A9C36BFDA1}.Debug|x64.Build.0 = Debug|Any CPU
		{A494B4FE-BBA0-4788-981C-21A9C36BFDA1}.Debug|x86.ActiveCfg = Debug|Any CPU
		{A494B4FE-BBA0-4788-981C-21A9C36BFDA1}.Debug|x86.Build.0 = Debug|Any CPU
		{A494B4FE-BBA0-4788-981C-21A9C36BFDA1}.Release|Any CPU.ActiveCfg = Release|Any CPU
		{A494B4FE-BBA0-4788-981C-21A9C36BFDA1}.Release|Any CPU.Build.0 = Release|Any CPU
		{A494B4FE-BBA0-4788-981C-21A9C36BFDA1}.Release|x64.ActiveCfg = Release|Any CPU
		{A494B4FE-BBA0-4788-981C-21A9C36BFDA1}.Release|x64.Build.0 = Release|Any CPU
		{A494B4FE-BBA0-4788-981C-21A9C36BFDA1}.Release|x86.ActiveCfg = Release|Any CPU
		{A494B4FE-BBA0-4788-981C-21A9C36BFDA1}.Release|x86.Build.0 = Release|Any CPU
	EndGlobalSection
EndGlobal
